
Microsoft Visual Studio Solution File, Format Version 12.00
# Visual Studio Version 17
VisualStudioVersion = 17.3.32825.248
MinimumVisualStudioVersion = 10.0.40219.1
Project("{FAE04EC0-301F-11D3-BF4B-00C04F79EFBC}") = "TestProject2", "TestProject2\TestProject2.csproj", "{641CAA33-D7BA-4BCB-8D99-BC2CB3C6C9AD}"
EndProject
Project("{FAE04EC0-301F-11D3-BF4B-00C04F79EFBC}") = "ClassLibrary1", "E:\Lab09\Lab09\csharp-code\ClassLibrary1\ClassLibrary1.csproj", "{ECE18727-0A46-4C2C-ACD9-665BFD32AF7E}"
EndProject
Global
	GlobalSection(SolutionConfigurationPlatforms) = preSolution
		Debug|Any CPU = Debug|Any CPU
		Release|Any CPU = Release|Any CPU
	EndGlobalSection
	GlobalSection(ProjectConfigurationPlatforms) = postSolution
		{641CAA33-D7BA-4BCB-8D99-BC2CB3C6C9AD}.Debug|Any CPU.ActiveCfg = Debug|Any CPU
		{641CAA33-D7BA-4BCB-8D99-BC2CB3C6C9AD}.Debug|Any CPU.Build.0 = Debug|Any CPU
		{641CAA33-D7BA-4BCB-8D99-BC2CB3C6C9AD}.Release|Any CPU.ActiveCfg = Release|Any CPU
		{641CAA33-D7BA-4BCB-8D99-BC2CB3C6C9AD}.Release|Any CPU.Build.0 = Release|Any CPU
		{ECE18727-0A46-4C2C-ACD9-665BFD32AF7E}.Debug|Any CPU.ActiveCfg = Debug|Any CPU
		{ECE18727-0A46-4C2C-ACD9-665BFD32AF7E}.Debug|Any CPU.Build.0 = Debug|Any CPU
		{ECE18727-0A46-4C2C-ACD9-665BFD32AF7E}.Release|Any CPU.ActiveCfg = Release|Any CPU
		{ECE18727-0A46-4C2C-ACD9-665BFD32AF7E}.Release|Any CPU.Build.0 = Release|Any CPU
	EndGlobalSection
	GlobalSection(SolutionProperties) = preSolution
		HideSolutionNode = FALSE
	EndGlobalSection
	GlobalSection(ExtensibilityGlobals) = postSolution
		SolutionGuid = {CF19FE7F-EB7C-428D-9A1C-3E4B0DCD421B}
	EndGlobalSection
EndGlobal
